// !$*UTF8*$!
{
	archiveVersion = 1;
	classes = {
	};
	objectVersion = 56;
	objects = {

/* Begin PBXBuildFile section */
		8B1B55AF29E043FB00C96EE4 /* FructusApp.swift in Sources */ = {isa = PBXBuildFile; fileRef = 8B1B55AE29E043FB00C96EE4 /* FructusApp.swift */; };
		8B1B55B129E043FB00C96EE4 /* ContentView.swift in Sources */ = {isa = PBXBuildFile; fileRef = 8B1B55B029E043FB00C96EE4 /* ContentView.swift */; };
		8B1B55B329E043FC00C96EE4 /* Assets.xcassets in Resources */ = {isa = PBXBuildFile; fileRef = 8B1B55B229E043FC00C96EE4 /* Assets.xcassets */; };
		8B1B55B629E043FC00C96EE4 /* Preview Assets.xcassets in Resources */ = {isa = PBXBuildFile; fileRef = 8B1B55B529E043FC00C96EE4 /* Preview Assets.xcassets */; };
		8B1B55BF29E0486900C96EE4 /* FruitCardView.swift in Sources */ = {isa = PBXBuildFile; fileRef = 8B1B55BE29E0486900C96EE4 /* FruitCardView.swift */; };
		8B1B55C129E04F1B00C96EE4 /* StartButtonView.swift in Sources */ = {isa = PBXBuildFile; fileRef = 8B1B55C029E04F1B00C96EE4 /* StartButtonView.swift */; };
		8B1B55C329E0520400C96EE4 /* OnboardingView.swift in Sources */ = {isa = PBXBuildFile; fileRef = 8B1B55C229E0520400C96EE4 /* OnboardingView.swift */; };
		8B1B55C829E055CC00C96EE4 /* FruitModel.swift in Sources */ = {isa = PBXBuildFile; fileRef = 8B1B55C729E055CC00C96EE4 /* FruitModel.swift */; };
		8B89E2FB29E056F900CAA652 /* FruitData.swift in Sources */ = {isa = PBXBuildFile; fileRef = 8B89E2FA29E056F900CAA652 /* FruitData.swift */; };
		8B89E2FD29E067AA00CAA652 /* FruitRowView.swift in Sources */ = {isa = PBXBuildFile; fileRef = 8B89E2FC29E067AA00CAA652 /* FruitRowView.swift */; };
		8B89E2FF29E06BC500CAA652 /* FruitDetailView.swift in Sources */ = {isa = PBXBuildFile; fileRef = 8B89E2FE29E06BC500CAA652 /* FruitDetailView.swift */; };
		8B89E30129E06EE200CAA652 /* FruitHeaderView.swift in Sources */ = {isa = PBXBuildFile; fileRef = 8B89E30029E06EE200CAA652 /* FruitHeaderView.swift */; };
		8B89E30329E0714000CAA652 /* SourceLinkView.swift in Sources */ = {isa = PBXBuildFile; fileRef = 8B89E30229E0714000CAA652 /* SourceLinkView.swift */; };
		8B89E30529E08D4F00CAA652 /* FruitNutritionView.swift in Sources */ = {isa = PBXBuildFile; fileRef = 8B89E30429E08D4F00CAA652 /* FruitNutritionView.swift */; };
/* End PBXBuildFile section */

/* Begin PBXFileReference section */
		8B1B55AB29E043FB00C96EE4 /* Fructus.app */ = {isa = PBXFileReference; explicitFileType = wrapper.application; includeInIndex = 0; path = Fructus.app; sourceTree = BUILT_PRODUCTS_DIR; };
		8B1B55AE29E043FB00C96EE4 /* FructusApp.swift */ = {isa = PBXFileReference; lastKnownFileType = sourcecode.swift; path = FructusApp.swift; sourceTree = "<group>"; };
		8B1B55B029E043FB00C96EE4 /* ContentView.swift */ = {isa = PBXFileReference; lastKnownFileType = sourcecode.swift; path = ContentView.swift; sourceTree = "<group>"; };
		8B1B55B229E043FC00C96EE4 /* Assets.xcassets */ = {isa = PBXFileReference; lastKnownFileType = folder.assetcatalog; path = Assets.xcassets; sourceTree = "<group>"; };
		8B1B55B529E043FC00C96EE4 /* Preview Assets.xcassets */ = {isa = PBXFileReference; lastKnownFileType = folder.assetcatalog; path = "Preview Assets.xcassets"; sourceTree = "<group>"; };
		8B1B55BE29E0486900C96EE4 /* FruitCardView.swift */ = {isa = PBXFileReference; lastKnownFileType = sourcecode.swift; path = FruitCardView.swift; sourceTree = "<group>"; };
		8B1B55C029E04F1B00C96EE4 /* StartButtonView.swift */ = {isa = PBXFileReference; lastKnownFileType = sourcecode.swift; path = StartButtonView.swift; sourceTree = "<group>"; };
		8B1B55C229E0520400C96EE4 /* OnboardingView.swift */ = {isa = PBXFileReference; lastKnownFileType = sourcecode.swift; path = OnboardingView.swift; sourceTree = "<group>"; };
		8B1B55C729E055CC00C96EE4 /* FruitModel.swift */ = {isa = PBXFileReference; lastKnownFileType = sourcecode.swift; path = FruitModel.swift; sourceTree = "<group>"; };
		8B89E2FA29E056F900CAA652 /* FruitData.swift */ = {isa = PBXFileReference; lastKnownFileType = sourcecode.swift; path = FruitData.swift; sourceTree = "<group>"; };
		8B89E2FC29E067AA00CAA652 /* FruitRowView.swift */ = {isa = PBXFileReference; lastKnownFileType = sourcecode.swift; path = FruitRowView.swift; sourceTree = "<group>"; };
		8B89E2FE29E06BC500CAA652 /* FruitDetailView.swift */ = {isa = PBXFileReference; lastKnownFileType = sourcecode.swift; path = FruitDetailView.swift; sourceTree = "<group>"; };
		8B89E30029E06EE200CAA652 /* FruitHeaderView.swift */ = {isa = PBXFileReference; lastKnownFileType = sourcecode.swift; path = FruitHeaderView.swift; sourceTree = "<group>"; };
		8B89E30229E0714000CAA652 /* SourceLinkView.swift */ = {isa = PBXFileReference; lastKnownFileType = sourcecode.swift; path = SourceLinkView.swift; sourceTree = "<group>"; };
		8B89E30429E08D4F00CAA652 /* FruitNutritionView.swift */ = {isa = PBXFileReference; lastKnownFileType = sourcecode.swift; path = FruitNutritionView.swift; sourceTree = "<group>"; };
/* End PBXFileReference section */

/* Begin PBXFrameworksBuildPhase section */
		8B1B55A829E043FB00C96EE4 /* Frameworks */ = {
			isa = PBXFrameworksBuildPhase;
			buildActionMask = 2147483647;
			files = (
			);
			runOnlyForDeploymentPostprocessing = 0;
		};
/* End PBXFrameworksBuildPhase section */

/* Begin PBXGroup section */
		8B1B55A229E043FB00C96EE4 = {
			isa = PBXGroup;
			children = (
				8B1B55AD29E043FB00C96EE4 /* Fructus */,
				8B1B55AC29E043FB00C96EE4 /* Products */,
			);
			sourceTree = "<group>";
		};
		8B1B55AC29E043FB00C96EE4 /* Products */ = {
			isa = PBXGroup;
			children = (
				8B1B55AB29E043FB00C96EE4 /* Fructus.app */,
			);
			name = Products;
			sourceTree = "<group>";
		};
		8B1B55AD29E043FB00C96EE4 /* Fructus */ = {
			isa = PBXGroup;
			children = (
				8B89E2F929E056EB00CAA652 /* Data */,
				8B1B55C629E055B400C96EE4 /* Model */,
				8B1B55BD29E0483900C96EE4 /* Views */,
				8B1B55BC29E0480100C96EE4 /* App */,
				8B1B55B229E043FC00C96EE4 /* Assets.xcassets */,
				8B1B55B429E043FC00C96EE4 /* Preview Content */,
			);
			path = Fructus;
			sourceTree = "<group>";
		};
		8B1B55B429E043FC00C96EE4 /* Preview Content */ = {
			isa = PBXGroup;
			children = (
				8B1B55B529E043FC00C96EE4 /* Preview Assets.xcassets */,
			);
			path = "Preview Content";
			sourceTree = "<group>";
		};
		8B1B55BC29E0480100C96EE4 /* App */ = {
			isa = PBXGroup;
			children = (
				8B1B55AE29E043FB00C96EE4 /* FructusApp.swift */,
				8B1B55B029E043FB00C96EE4 /* ContentView.swift */,
				8B1B55C229E0520400C96EE4 /* OnboardingView.swift */,
				8B89E2FE29E06BC500CAA652 /* FruitDetailView.swift */,
			);
			path = App;
			sourceTree = "<group>";
		};
		8B1B55BD29E0483900C96EE4 /* Views */ = {
			isa = PBXGroup;
			children = (
				8B1B55BE29E0486900C96EE4 /* FruitCardView.swift */,
				8B1B55C029E04F1B00C96EE4 /* StartButtonView.swift */,
				8B89E2FC29E067AA00CAA652 /* FruitRowView.swift */,
				8B89E30029E06EE200CAA652 /* FruitHeaderView.swift */,
				8B89E30229E0714000CAA652 /* SourceLinkView.swift */,
				8B89E30429E08D4F00CAA652 /* FruitNutritionView.swift */,
			);
			path = Views;
			sourceTree = "<group>";
		};
		8B1B55C629E055B400C96EE4 /* Model */ = {
			isa = PBXGroup;
			children = (
				8B1B55C729E055CC00C96EE4 /* FruitModel.swift */,
			);
			path = Model;
			sourceTree = "<group>";
		};
		8B89E2F929E056EB00CAA652 /* Data */ = {
			isa = PBXGroup;
			children = (
				8B89E2FA29E056F900CAA652 /* FruitData.swift */,
			);
			path = Data;
			sourceTree = "<group>";
		};
/* End PBXGroup section */

/* Begin PBXNativeTarget section */
		8B1B55AA29E043FB00C96EE4 /* Fructus */ = {
			isa = PBXNativeTarget;
			buildConfigurationList = 8B1B55B929E043FC00C96EE4 /* Build configuration list for PBXNativeTarget "Fructus" */;
			buildPhases = (
				8B1B55A729E043FB00C96EE4 /* Sources */,
				8B1B55A829E043FB00C96EE4 /* Frameworks */,
				8B1B55A929E043FB00C96EE4 /* Resources */,
			);
			buildRules = (
			);
			dependencies = (
			);
			name = Fructus;
			productName = Fructus;
			productReference = 8B1B55AB29E043FB00C96EE4 /* Fructus.app */;
			productType = "com.apple.product-type.application";
		};
/* End PBXNativeTarget section */

/* Begin PBXProject section */
		8B1B55A329E043FB00C96EE4 /* Project object */ = {
			isa = PBXProject;
			attributes = {
				BuildIndependentTargetsInParallel = 1;
				LastSwiftUpdateCheck = 1430;
				LastUpgradeCheck = 1430;
				TargetAttributes = {
					8B1B55AA29E043FB00C96EE4 = {
						CreatedOnToolsVersion = 14.3;
					};
				};
			};
			buildConfigurationList = 8B1B55A629E043FB00C96EE4 /* Build configuration list for PBXProject "Fructus" */;
			compatibilityVersion = "Xcode 14.0";
			developmentRegion = en;
			hasScannedForEncodings = 0;
			knownRegions = (
				en,
				Base,
			);
			mainGroup = 8B1B55A229E043FB00C96EE4;
			productRefGroup = 8B1B55AC29E043FB00C96EE4 /* Products */;
			projectDirPath = "";
			projectRoot = "";
			targets = (
				8B1B55AA29E043FB00C96EE4 /* Fructus */,
			);
		};
/* End PBXProject section */

/* Begin PBXResourcesBuildPhase section */
		8B1B55A929E043FB00C96EE4 /* Resources */ = {
			isa = PBXResourcesBuildPhase;
			buildActionMask = 2147483647;
			files = (
				8B1B55B629E043FC00C96EE4 /* Preview Assets.xcassets in Resources */,
				8B1B55B329E043FC00C96EE4 /* Assets.xcassets in Resources */,
			);
			runOnlyForDeploymentPostprocessing = 0;
		};
/* End PBXResourcesBuildPhase section */

/* Begin PBXSourcesBuildPhase section */
		8B1B55A729E043FB00C96EE4 /* Sources */ = {
			isa = PBXSourcesBuildPhase;
			buildActionMask = 2147483647;
			files = (
				8B89E30529E08D4F00CAA652 /* FruitNutritionView.swift in Sources */,
				8B1B55BF29E0486900C96EE4 /* FruitCardView.swift in Sources */,
				8B89E30329E0714000CAA652 /* SourceLinkView.swift in Sources */,
				8B1B55C129E04F1B00C96EE4 /* StartButtonView.swift in Sources */,
				8B89E2FD29E067AA00CAA652 /* FruitRowView.swift in Sources */,
				8B1B55B129E043FB00C96EE4 /* ContentView.swift in Sources */,
				8B89E2FF29E06BC500CAA652 /* FruitDetailView.swift in Sources */,
				8B89E2FB29E056F900CAA652 /* FruitData.swift in Sources */,
				8B89E30129E06EE200CAA652 /* FruitHeaderView.swift in Sources */,
				8B1B55C329E0520400C96EE4 /* OnboardingView.swift in Sources */,
				8B1B55C829E055CC00C96EE4 /* FruitModel.swift in Sources */,
				8B1B55AF29E043FB00C96EE4 /* FructusApp.swift in Sources */,
			);
			runOnlyForDeploymentPostprocessing = 0;
		};
/* End PBXSourcesBuildPhase section */

/* Begin XCBuildConfiguration section */
		8B1B55B729E043FC00C96EE4 /* Debug */ = {
			isa = XCBuildConfiguration;
			buildSettings = {
				ALWAYS_SEARCH_USER_PATHS = NO;
				CLANG_ANALYZER_NONNULL = YES;
				CLANG_ANALYZER_NUMBER_OBJECT_CONVERSION = YES_AGGRESSIVE;
				CLANG_CXX_LANGUAGE_STANDARD = "gnu++20";
				CLANG_ENABLE_MODULES = YES;
				CLANG_ENABLE_OBJC_ARC = YES;
				CLANG_ENABLE_OBJC_WEAK = YES;
				CLANG_WARN_BLOCK_CAPTURE_AUTORELEASING = YES;
				CLANG_WARN_BOOL_CONVERSION = YES;
				CLANG_WARN_COMMA = YES;
				CLANG_WARN_CONSTANT_CONVERSION = YES;
				CLANG_WARN_DEPRECATED_OBJC_IMPLEMENTATIONS = YES;
				CLANG_WARN_DIRECT_OBJC_ISA_USAGE = YES_ERROR;
				CLANG_WARN_DOCUMENTATION_COMMENTS = YES;
				CLANG_WARN_EMPTY_BODY = YES;
				CLANG_WARN_ENUM_CONVERSION = YES;
				CLANG_WARN_INFINITE_RECURSION = YES;
				CLANG_WARN_INT_CONVERSION = YES;
				CLANG_WARN_NON_LITERAL_NULL_CONVERSION = YES;
				CLANG_WARN_OBJC_IMPLICIT_RETAIN_SELF = YES;
				CLANG_WARN_OBJC_LITERAL_CONVERSION = YES;
				CLANG_WARN_OBJC_ROOT_CLASS = YES_ERROR;
				CLANG_WARN_QUOTED_INCLUDE_IN_FRAMEWORK_HEADER = YES;
				CLANG_WARN_RANGE_LOOP_ANALYSIS = YES;
				CLANG_WARN_STRICT_PROTOTYPES = YES;
				CLANG_WARN_SUSPICIOUS_MOVE = YES;
				CLANG_WARN_UNGUARDED_AVAILABILITY = YES_AGGRESSIVE;
				CLANG_WARN_UNREACHABLE_CODE = YES;
				CLANG_WARN__DUPLICATE_METHOD_MATCH = YES;
				COPY_PHASE_STRIP = NO;
				DEBUG_INFORMATION_FORMAT = dwarf;
				ENABLE_STRICT_OBJC_MSGSEND = YES;
				ENABLE_TESTABILITY = YES;
				GCC_C_LANGUAGE_STANDARD = gnu11;
				GCC_DYNAMIC_NO_PIC = NO;
				GCC_NO_COMMON_BLOCKS = YES;
				GCC_OPTIMIZATION_LEVEL = 0;
				GCC_PREPROCESSOR_DEFINITIONS = (
					"DEBUG=1",
					"$(inherited)",
				);
				GCC_WARN_64_TO_32_BIT_CONVERSION = YES;
				GCC_WARN_ABOUT_RETURN_TYPE = YES_ERROR;
				GCC_WARN_UNDECLARED_SELECTOR = YES;
				GCC_WARN_UNINITIALIZED_AUTOS = YES_AGGRESSIVE;
				GCC_WARN_UNUSED_FUNCTION = YES;
				GCC_WARN_UNUSED_VARIABLE = YES;
				IPHONEOS_DEPLOYMENT_TARGET = 16.4;
				MTL_ENABLE_DEBUG_INFO = INCLUDE_SOURCE;
				MTL_FAST_MATH = YES;
				ONLY_ACTIVE_ARCH = YES;
				SDKROOT = iphoneos;
				SWIFT_ACTIVE_COMPILATION_CONDITIONS = DEBUG;
				SWIFT_OPTIMIZATION_LEVEL = "-Onone";
			};
			name = Debug;
		};
		8B1B55B829E043FC00C96EE4 /* Release */ = {
			isa = XCBuildConfiguration;
			buildSettings = {
				ALWAYS_SEARCH_USER_PATHS = NO;
				CLANG_ANALYZER_NONNULL = YES;
				CLANG_ANALYZER_NUMBER_OBJECT_CONVERSION = YES_AGGRESSIVE;
				CLANG_CXX_LANGUAGE_STANDARD = "gnu++20";
				CLANG_ENABLE_MODULES = YES;
				CLANG_ENABLE_OBJC_ARC = YES;
				CLANG_ENABLE_OBJC_WEAK = YES;
				CLANG_WARN_BLOCK_CAPTURE_AUTORELEASING = YES;
				CLANG_WARN_BOOL_CONVERSION = YES;
				CLANG_WARN_COMMA = YES;
				CLANG_WARN_CONSTANT_CONVERSION = YES;
				CLANG_WARN_DEPRECATED_OBJC_IMPLEMENTATIONS = YES;
				CLANG_WARN_DIRECT_OBJC_ISA_USAGE = YES_ERROR;
				CLANG_WARN_DOCUMENTATION_COMMENTS = YES;
				CLANG_WARN_EMPTY_BODY = YES;
				CLANG_WARN_ENUM_CONVERSION = YES;
				CLANG_WARN_INFINITE_RECURSION = YES;
				CLANG_WARN_INT_CONVERSION = YES;
				CLANG_WARN_NON_LITERAL_NULL_CONVERSION = YES;
				CLANG_WARN_OBJC_IMPLICIT_RETAIN_SELF = YES;
				CLANG_WARN_OBJC_LITERAL_CONVERSION = YES;
				CLANG_WARN_OBJC_ROOT_CLASS = YES_ERROR;
				CLANG_WARN_QUOTED_INCLUDE_IN_FRAMEWORK_HEADER = YES;
				CLANG_WARN_RANGE_LOOP_ANALYSIS = YES;
				CLANG_WARN_STRICT_PROTOTYPES = YES;
				CLANG_WARN_SUSPICIOUS_MOVE = YES;
				CLANG_WARN_UNGUARDED_AVAILABILITY = YES_AGGRESSIVE;
				CLANG_WARN_UNREACHABLE_CODE = YES;
				CLANG_WARN__DUPLICATE_METHOD_MATCH = YES;
				COPY_PHASE_STRIP = NO;
				DEBUG_INFORMATION_FORMAT = "dwarf-with-dsym";
				ENABLE_NS_ASSERTIONS = NO;
				ENABLE_STRICT_OBJC_MSGSEND = YES;
				GCC_C_LANGUAGE_STANDARD = gnu11;
				GCC_NO_COMMON_BLOCKS = YES;
				GCC_WARN_64_TO_32_BIT_CONVERSION = YES;
				GCC_WARN_ABOUT_RETURN_TYPE = YES_ERROR;
				GCC_WARN_UNDECLARED_SELECTOR = YES;
				GCC_WARN_UNINITIALIZED_AUTOS = YES_AGGRESSIVE;
				GCC_WARN_UNUSED_FUNCTION = YES;
				GCC_WARN_UNUSED_VARIABLE = YES;
				IPHONEOS_DEPLOYMENT_TARGET = 16.4;
				MTL_ENABLE_DEBUG_INFO = NO;
				MTL_FAST_MATH = YES;
				SDKROOT = iphoneos;
				SWIFT_COMPILATION_MODE = wholemodule;
				SWIFT_OPTIMIZATION_LEVEL = "-O";
				VALIDATE_PRODUCT = YES;
			};
			name = Release;
		};
		8B1B55BA29E043FC00C96EE4 /* Debug */ = {
			isa = XCBuildConfiguration;
			buildSettings = {
				ASSETCATALOG_COMPILER_APPICON_NAME = AppIcon;
				ASSETCATALOG_COMPILER_GLOBAL_ACCENT_COLOR_NAME = AccentColor;
				CODE_SIGN_STYLE = Automatic;
				CURRENT_PROJECT_VERSION = 1;
				DEVELOPMENT_ASSET_PATHS = "\"Fructus/Preview Content\"";
				DEVELOPMENT_TEAM = R55SB7N5G9;
				ENABLE_PREVIEWS = YES;
				GENERATE_INFOPLIST_FILE = YES;
				INFOPLIST_KEY_UIApplicationSceneManifest_Generation = YES;
				INFOPLIST_KEY_UIApplicationSupportsIndirectInputEvents = YES;
				INFOPLIST_KEY_UILaunchScreen_Generation = YES;
				INFOPLIST_KEY_UIStatusBarStyle = "";
				INFOPLIST_KEY_UISupportedInterfaceOrientations = UIInterfaceOrientationPortrait;
				IPHONEOS_DEPLOYMENT_TARGET = 14.1;
				LD_RUNPATH_SEARCH_PATHS = (
					"$(inherited)",
					"@executable_path/Frameworks",
				);
				MARKETING_VERSION = 1.0;
				PRODUCT_BUNDLE_IDENTIFIER = dev.slashapp.Fructus;
				PRODUCT_NAME = "$(TARGET_NAME)";
				SWIFT_EMIT_LOC_STRINGS = YES;
				SWIFT_VERSION = 5.0;
				TARGETED_DEVICE_FAMILY = "1,2";
			};
			name = Debug;
		};
		8B1B55BB29E043FC00C96EE4 /* Release */ = {
			isa = XCBuildConfiguration;
			buildSettings = {
				ASSETCATALOG_COMPILER_APPICON_NAME = AppIcon;
				ASSETCATALOG_COMPILER_GLOBAL_ACCENT_COLOR_NAME = AccentColor;
				CODE_SIGN_STYLE = Automatic;
				CURRENT_PROJECT_VERSION = 1;
				DEVELOPMENT_ASSET_PATHS = "\"Fructus/Preview Content\"";
				DEVELOPMENT_TEAM = R55SB7N5G9;
				ENABLE_PREVIEWS = YES;
				GENERATE_INFOPLIST_FILE = YES;
				INFOPLIST_KEY_UIApplicationSceneManifest_Generation = YES;
				INFOPLIST_KEY_UIApplicationSupportsIndirectInputEvents = YES;
				INFOPLIST_KEY_UILaunchScreen_Generation = YES;
				INFOPLIST_KEY_UIStatusBarStyle = "";
				INFOPLIST_KEY_UISupportedInterfaceOrientations = UIInterfaceOrientationPortrait;
				IPHONEOS_DEPLOYMENT_TARGET = 14.1;
				LD_RUNPATH_SEARCH_PATHS = (
					"$(inherited)",
					"@executable_path/Frameworks",
				);
				MARKETING_VERSION = 1.0;
				PRODUCT_BUNDLE_IDENTIFIER = dev.slashapp.Fructus;
				PRODUCT_NAME = "$(TARGET_NAME)";
				SWIFT_EMIT_LOC_STRINGS = YES;
				SWIFT_VERSION = 5.0;
				TARGETED_DEVICE_FAMILY = "1,2";
			};
			name = Release;
		};
/* End XCBuildConfiguration section */

/* Begin XCConfigurationList section */
		8B1B55A629E043FB00C96EE4 /* Build configuration list for PBXProject "Fructus" */ = {
			isa = XCConfigurationList;
			buildConfigurations = (
				8B1B55B729E043FC00C96EE4 /* Debug */,
				8B1B55B829E043FC00C96EE4 /* Release */,
			);
			defaultConfigurationIsVisible = 0;
			defaultConfigurationName = Release;
		};
		8B1B55B929E043FC00C96EE4 /* Build configuration list for PBXNativeTarget "Fructus" */ = {
			isa = XCConfigurationList;
			buildConfigurations = (
				8B1B55BA29E043FC00C96EE4 /* Debug */,
				8B1B55BB29E043FC00C96EE4 /* Release */,
			);
			defaultConfigurationIsVisible = 0;
			defaultConfigurationName = Release;
		};
/* End XCConfigurationList section */
	};
	rootObject = 8B1B55A329E043FB00C96EE4 /* Project object */;
}
